
Microsoft Visual Studio Solution File, Format Version 12.00
# Visual Studio 15
VisualStudioVersion = 15.0.28307.271
MinimumVisualStudioVersion = 10.0.40219.1
Project("{9A19103F-16F7-4668-BE54-9A1E7A4F7556}") = "DomainHunter.Console", "src\DomainHunter.Console\DomainHunter.Console.csproj", "{AF1A71CF-0167-4869-9C5B-9903B701D1ED}"
EndProject
Project("{9A19103F-16F7-4668-BE54-9A1E7A4F7556}") = "DomainHunter.BLL", "src\DomainHunter.BLL\DomainHunter.BLL.csproj", "{AA76EA91-E78D-4B6D-8AE4-C99317E13FFA}"
EndProject
Project("{FAE04EC0-301F-11D3-BF4B-00C04F79EFBC}") = "DomainHunter.DAL", "src\DomainHunter.DAL\DomainHunter.DAL.csproj", "{2A82FD0F-DAD7-49DB-91D5-C7548C9AD2B3}"
EndProject
Global
	GlobalSection(SolutionConfigurationPlatforms) = preSolution
		Debug|Any CPU = Debug|Any CPU
		Release|Any CPU = Release|Any CPU
	EndGlobalSection
	GlobalSection(ProjectConfigurationPlatforms) = postSolution
		{AF1A71CF-0167-4869-9C5B-9903B701D1ED}.Debug|Any CPU.ActiveCfg = Debug|Any CPU
		{AF1A71CF-0167-4869-9C5B-9903B701D1ED}.Debug|Any CPU.Build.0 = Debug|Any CPU
		{AF1A71CF-0167-4869-9C5B-9903B701D1ED}.Release|Any CPU.ActiveCfg = Release|Any CPU
		{AF1A71CF-0167-4869-9C5B-9903B701D1ED}.Release|Any CPU.Build.0 = Release|Any CPU
		{AA76EA91-E78D-4B6D-8AE4-C99317E13FFA}.Debug|Any CPU.ActiveCfg = Debug|Any CPU
		{AA76EA91-E78D-4B6D-8AE4-C99317E13FFA}.Debug|Any CPU.Build.0 = Debug|Any CPU
		{AA76EA91-E78D-4B6D-8AE4-C99317E13FFA}.Release|Any CPU.ActiveCfg = Release|Any CPU
		{AA76EA91-E78D-4B6D-8AE4-C99317E13FFA}.Release|Any CPU.Build.0 = Release|Any CPU
		{2A82FD0F-DAD7-49DB-91D5-C7548C9AD2B3}.Debug|Any CPU.ActiveCfg = Debug|Any CPU
		{2A82FD0F-DAD7-49DB-91D5-C7548C9AD2B3}.Debug|Any CPU.Build.0 = Debug|Any CPU
		{2A82FD0F-DAD7-49DB-91D5-C7548C9AD2B3}.Release|Any CPU.ActiveCfg = Release|Any CPU
		{2A82FD0F-DAD7-49DB-91D5-C7548C9AD2B3}.Release|Any CPU.Build.0 = Release|Any CPU
	EndGlobalSection
	GlobalSection(SolutionProperties) = preSolution
		HideSolutionNode = FALSE
	EndGlobalSection
	GlobalSection(ExtensibilityGlobals) = postSolution
		SolutionGuid = {BA452E93-E1E1-4176-B948-3F39560B457A}
	EndGlobalSection
EndGlobal
